PODS:
  - FlutterMacOS (1.0.0)
  - rinf (0.1.0):
    - FlutterMacOS

DEPENDENCIES:
  - FlutterMacOS (from `Flutter/ephemeral`)
  - rinf (from `Flutter/ephemeral/.symlinks/plugins/rinf/macos`)

EXTERNAL SOURCES:
  FlutterMacOS:
    :path: Flutter/ephemeral
  rinf:
    :path: Flutter/ephemeral/.symlinks/plugins/rinf/macos

SPEC CHECKSUMS:
  FlutterMacOS: c232990155153907050900a2e175c7773903ba4e
  rinf: 1176687e57a58611c081c3a184cf2290fd60607c

PODFILE CHECKSUM: 1e95c36afbfd1cb6423ceca4de7a8e1b256fb6ac

COCOAPODS: 1.17.0
